
Microsoft Visual Studio Solution File, Format Version 12.00
# Visual Studio Version 17
VisualStudioVersion = 17.6.33723.286
MinimumVisualStudioVersion = 10.0.40219.1
Project("{2150E333-8FDC-42A3-9474-1A3956D46DE8}") = "src", "src", "{53B292ED-ECC3-42AB-8F3B-2225CD384498}"
EndProject
Project("{2150E333-8FDC-42A3-9474-1A3956D46DE8}") = "Test", "Test", "{E9404F13-E0C4-47EA-9BE3-93A225FC0F86}"
EndProject
Project("{9A19103F-16F7-4668-BE54-9A1E7A4F7556}") = "Book.Domain", "Book.Domain\Book.Domain.csproj", "{8013E2E4-BEDD-4F89-A0BE-A3FF4309C4C5}"
EndProject
Project("{FAE04EC0-301F-11D3-BF4B-00C04F79EFBC}") = "Book.Application", "Book.Application\Book.Application.csproj", "{A9FB9CB4-0586-4BD7-B220-CEA25BC6AA80}"
EndProject
Project("{FAE04EC0-301F-11D3-BF4B-00C04F79EFBC}") = "Book.Infrastructure", "Book.Infrastructure\Book.Infrastructure.csproj", "{04DFDA2B-4F2D-47D6-B18F-319C5C6F9A9F}"
	ProjectSection(ProjectDependencies) = postProject
		{8013E2E4-BEDD-4F89-A0BE-A3FF4309C4C5} = {8013E2E4-BEDD-4F89-A0BE-A3FF4309C4C5}
	EndProjectSection
EndProject
Project("{FAE04EC0-301F-11D3-BF4B-00C04F79EFBC}") = "Book.API", "Book.API\Book.API.csproj", "{6BD454EE-640A-46AE-A779-1B2CC62FA9E5}"
	ProjectSection(ProjectDependencies) = postProject
		{04DFDA2B-4F2D-47D6-B18F-319C5C6F9A9F} = {04DFDA2B-4F2D-47D6-B18F-319C5C6F9A9F}
		{A9FB9CB4-0586-4BD7-B220-CEA25BC6AA80} = {A9FB9CB4-0586-4BD7-B220-CEA25BC6AA80}
	EndProjectSection
EndProject
Project("{E53339B2-1760-4266-BCC7-CA923CBCF16C}") = "docker-compose", "docker-compose.dcproj", "{81DDED9D-158B-E303-5F62-77A2896D2A5A}"
EndProject
Global
	GlobalSection(SolutionConfigurationPlatforms) = preSolution
		Debug|Any CPU = Debug|Any CPU
		Release|Any CPU = Release|Any CPU
	EndGlobalSection
	GlobalSection(ProjectConfigurationPlatforms) = postSolution
		{8013E2E4-BEDD-4F89-A0BE-A3FF4309C4C5}.Debug|Any CPU.ActiveCfg = Debug|Any CPU
		{8013E2E4-BEDD-4F89-A0BE-A3FF4309C4C5}.Debug|Any CPU.Build.0 = Debug|Any CPU
		{8013E2E4-BEDD-4F89-A0BE-A3FF4309C4C5}.Release|Any CPU.ActiveCfg = Release|Any CPU
		{8013E2E4-BEDD-4F89-A0BE-A3FF4309C4C5}.Release|Any CPU.Build.0 = Release|Any CPU
		{A9FB9CB4-0586-4BD7-B220-CEA25BC6AA80}.Debug|Any CPU.ActiveCfg = Debug|Any CPU
		{A9FB9CB4-0586-4BD7-B220-CEA25BC6AA80}.Debug|Any CPU.Build.0 = Debug|Any CPU
		{A9FB9CB4-0586-4BD7-B220-CEA25BC6AA80}.Release|Any CPU.ActiveCfg = Release|Any CPU
		{A9FB9CB4-0586-4BD7-B220-CEA25BC6AA80}.Release|Any CPU.Build.0 = Release|Any CPU
		{04DFDA2B-4F2D-47D6-B18F-319C5C6F9A9F}.Debug|Any CPU.ActiveCfg = Debug|Any CPU
		{04DFDA2B-4F2D-47D6-B18F-319C5C6F9A9F}.Debug|Any CPU.Build.0 = Debug|Any CPU
		{04DFDA2B-4F2D-47D6-B18F-319C5C6F9A9F}.Release|Any CPU.ActiveCfg = Release|Any CPU
		{04DFDA2B-4F2D-47D6-B18F-319C5C6F9A9F}.Release|Any CPU.Build.0 = Release|Any CPU
		{6BD454EE-640A-46AE-A779-1B2CC62FA9E5}.Debug|Any CPU.ActiveCfg = Debug|Any CPU
		{6BD454EE-640A-46AE-A779-1B2CC62FA9E5}.Debug|Any CPU.Build.0 = Debug|Any CPU
		{6BD454EE-640A-46AE-A779-1B2CC62FA9E5}.Release|Any CPU.ActiveCfg = Release|Any CPU
		{6BD454EE-640A-46AE-A779-1B2CC62FA9E5}.Release|Any CPU.Build.0 = Release|Any CPU
		{81DDED9D-158B-E303-5F62-77A2896D2A5A}.Debug|Any CPU.ActiveCfg = Debug|Any CPU
		{81DDED9D-158B-E303-5F62-77A2896D2A5A}.Debug|Any CPU.Build.0 = Debug|Any CPU
		{81DDED9D-158B-E303-5F62-77A2896D2A5A}.Release|Any CPU.ActiveCfg = Release|Any CPU
		{81DDED9D-158B-E303-5F62-77A2896D2A5A}.Release|Any CPU.Build.0 = Release|Any CPU
	EndGlobalSection
	GlobalSection(SolutionProperties) = preSolution
		HideSolutionNode = FALSE
	EndGlobalSection
	GlobalSection(NestedProjects) = preSolution
		{8013E2E4-BEDD-4F89-A0BE-A3FF4309C4C5} = {53B292ED-ECC3-42AB-8F3B-2225CD384498}
		{A9FB9CB4-0586-4BD7-B220-CEA25BC6AA80} = {53B292ED-ECC3-42AB-8F3B-2225CD384498}
		{04DFDA2B-4F2D-47D6-B18F-319C5C6F9A9F} = {53B292ED-ECC3-42AB-8F3B-2225CD384498}
		{6BD454EE-640A-46AE-A779-1B2CC62FA9E5} = {53B292ED-ECC3-42AB-8F3B-2225CD384498}
	EndGlobalSection
	GlobalSection(ExtensibilityGlobals) = postSolution
		SolutionGuid = {075E027F-B220-49A7-9C4C-E583958DBA12}
	EndGlobalSection
EndGlobal
